
Microsoft Visual Studio Solution File, Format Version 12.00
# Visual Studio Version 17
VisualStudioVersion = 17.11.35312.102
MinimumVisualStudioVersion = 10.0.40219.1
Project("{9A19103F-16F7-4668-BE54-9A1E7A4F7556}") = "Polymorphism", "Polymorphism\Polymorphism.csproj", "{0EDDBD96-71AF-4309-A22F-645964DA1384}"
EndProject
Project("{9A19103F-16F7-4668-BE54-9A1E7A4F7556}") = "Polymorphism and Overriding Methods", "Polymorphism and Overriding Methods\Polymorphism and Overriding Methods.csproj", "{CB517DBA-D1CB-47A0-B0E7-EE8863529070}"
EndProject
Project("{FAE04EC0-301F-11D3-BF4B-00C04F79EFBC}") = "Polymorphism def", "Polymorphism def\Polymorphism def.csproj", "{F8703ED0-6FB7-411E-989C-10166B0C1E08}"
EndProject
Global
	GlobalSection(SolutionConfigurationPlatforms) = preSolution
		Debug|Any CPU = Debug|Any CPU
		Release|Any CPU = Release|Any CPU
	EndGlobalSection
	GlobalSection(ProjectConfigurationPlatforms) = postSolution
		{0EDDBD96-71AF-4309-A22F-645964DA1384}.Debug|Any CPU.ActiveCfg = Debug|Any CPU
		{0EDDBD96-71AF-4309-A22F-645964DA1384}.Debug|Any CPU.Build.0 = Debug|Any CPU
		{0EDDBD96-71AF-4309-A22F-645964DA1384}.Release|Any CPU.ActiveCfg = Release|Any CPU
		{0EDDBD96-71AF-4309-A22F-645964DA1384}.Release|Any CPU.Build.0 = Release|Any CPU
		{CB517DBA-D1CB-47A0-B0E7-EE8863529070}.Debug|Any CPU.ActiveCfg = Debug|Any CPU
		{CB517DBA-D1CB-47A0-B0E7-EE8863529070}.Debug|Any CPU.Build.0 = Debug|Any CPU
		{CB517DBA-D1CB-47A0-B0E7-EE8863529070}.Release|Any CPU.ActiveCfg = Release|Any CPU
		{CB517DBA-D1CB-47A0-B0E7-EE8863529070}.Release|Any CPU.Build.0 = Release|Any CPU
		{F8703ED0-6FB7-411E-989C-10166B0C1E08}.Debug|Any CPU.ActiveCfg = Debug|Any CPU
		{F8703ED0-6FB7-411E-989C-10166B0C1E08}.Debug|Any CPU.Build.0 = Debug|Any CPU
		{F8703ED0-6FB7-411E-989C-10166B0C1E08}.Release|Any CPU.ActiveCfg = Release|Any CPU
		{F8703ED0-6FB7-411E-989C-10166B0C1E08}.Release|Any CPU.Build.0 = Release|Any CPU
	EndGlobalSection
	GlobalSection(SolutionProperties) = preSolution
		HideSolutionNode = FALSE
	EndGlobalSection
	GlobalSection(ExtensibilityGlobals) = postSolution
		SolutionGuid = {411AFE85-E00F-4EA0-B803-3B8487602C6B}
	EndGlobalSection
EndGlobal
