
Microsoft Visual Studio Solution File, Format Version 12.00
# Visual Studio Version 17
VisualStudioVersion = 17.11.35312.102
MinimumVisualStudioVersion = 10.0.40219.1
Project("{9A19103F-16F7-4668-BE54-9A1E7A4F7556}") = "Encapsulation", "Encapsulation\Encapsulation.csproj", "{7D6AD177-16C5-4B21-A0DD-F5E7C49E9DB6}"
EndProject
Project("{9A19103F-16F7-4668-BE54-9A1E7A4F7556}") = "Read Only Property", "Read Only Property\Read Only Property.csproj", "{66FE0BE6-EA00-4650-8F51-659FEC927706}"
EndProject
Project("{9A19103F-16F7-4668-BE54-9A1E7A4F7556}") = "Encapsulation with methods", "Encapsulation with methods\Encapsulation with methods.csproj", "{397B9B6D-5407-4971-9A98-74BF07750E44}"
EndProject
Project("{FAE04EC0-301F-11D3-BF4B-00C04F79EFBC}") = "Constructor to Enforce Encapsulation", "Constructor to Enforce Encapsulation\Constructor to Enforce Encapsulation.csproj", "{46D9E9DC-42E0-4F00-B8E5-BEE8E1C77498}"
EndProject
Project("{FAE04EC0-301F-11D3-BF4B-00C04F79EFBC}") = "Encapsulation with private set", "Encapsulation with private set\Encapsulation with private set.csproj", "{91568347-2CBA-4C78-8616-43CF4721B3E2}"
EndProject
Global
	GlobalSection(SolutionConfigurationPlatforms) = preSolution
		Debug|Any CPU = Debug|Any CPU
		Release|Any CPU = Release|Any CPU
	EndGlobalSection
	GlobalSection(ProjectConfigurationPlatforms) = postSolution
		{7D6AD177-16C5-4B21-A0DD-F5E7C49E9DB6}.Debug|Any CPU.ActiveCfg = Debug|Any CPU
		{7D6AD177-16C5-4B21-A0DD-F5E7C49E9DB6}.Debug|Any CPU.Build.0 = Debug|Any CPU
		{7D6AD177-16C5-4B21-A0DD-F5E7C49E9DB6}.Release|Any CPU.ActiveCfg = Release|Any CPU
		{7D6AD177-16C5-4B21-A0DD-F5E7C49E9DB6}.Release|Any CPU.Build.0 = Release|Any CPU
		{66FE0BE6-EA00-4650-8F51-659FEC927706}.Debug|Any CPU.ActiveCfg = Debug|Any CPU
		{66FE0BE6-EA00-4650-8F51-659FEC927706}.Debug|Any CPU.Build.0 = Debug|Any CPU
		{66FE0BE6-EA00-4650-8F51-659FEC927706}.Release|Any CPU.ActiveCfg = Release|Any CPU
		{66FE0BE6-EA00-4650-8F51-659FEC927706}.Release|Any CPU.Build.0 = Release|Any CPU
		{397B9B6D-5407-4971-9A98-74BF07750E44}.Debug|Any CPU.ActiveCfg = Debug|Any CPU
		{397B9B6D-5407-4971-9A98-74BF07750E44}.Debug|Any CPU.Build.0 = Debug|Any CPU
		{397B9B6D-5407-4971-9A98-74BF07750E44}.Release|Any CPU.ActiveCfg = Release|Any CPU
		{397B9B6D-5407-4971-9A98-74BF07750E44}.Release|Any CPU.Build.0 = Release|Any CPU
		{46D9E9DC-42E0-4F00-B8E5-BEE8E1C77498}.Debug|Any CPU.ActiveCfg = Debug|Any CPU
		{46D9E9DC-42E0-4F00-B8E5-BEE8E1C77498}.Debug|Any CPU.Build.0 = Debug|Any CPU
		{46D9E9DC-42E0-4F00-B8E5-BEE8E1C77498}.Release|Any CPU.ActiveCfg = Release|Any CPU
		{46D9E9DC-42E0-4F00-B8E5-BEE8E1C77498}.Release|Any CPU.Build.0 = Release|Any CPU
		{91568347-2CBA-4C78-8616-43CF4721B3E2}.Debug|Any CPU.ActiveCfg = Debug|Any CPU
		{91568347-2CBA-4C78-8616-43CF4721B3E2}.Debug|Any CPU.Build.0 = Debug|Any CPU
		{91568347-2CBA-4C78-8616-43CF4721B3E2}.Release|Any CPU.ActiveCfg = Release|Any CPU
		{91568347-2CBA-4C78-8616-43CF4721B3E2}.Release|Any CPU.Build.0 = Release|Any CPU
	EndGlobalSection
	GlobalSection(SolutionProperties) = preSolution
		HideSolutionNode = FALSE
	EndGlobalSection
	GlobalSection(ExtensibilityGlobals) = postSolution
		SolutionGuid = {2FF9899F-66F9-4A29-8653-8C12CBAF8DBE}
	EndGlobalSection
EndGlobal
